# This file is generated by running "yarn install" inside your project.
# Manual changes might be lost - proceed with caution!

__metadata:
  version: 6
  cacheKey: 8

"@codemirror/state@npm:^6.2.0":
  version: 6.4.0
  resolution: "@codemirror/state@npm:6.4.0"
  checksum: c5236fe5786f1b85d17273a5c17fa8aeb063658c1404ab18caeb6e7591663ec96b65d453ab8162f75839c3801b04cd55ba4bc48f44cb61ebfeeee383f89553c7
  languageName: node
  linkType: hard

"@fortawesome/fontawesome-free@npm:^5.12.0":
  version: 5.15.4
  resolution: "@fortawesome/fontawesome-free@npm:5.15.4"
  checksum: 32281c3df4075290d9a96dfc22f72fadb3da7055d4117e48d34046b8c98032a55fa260ae351b0af5d6f6fb57a2f5d79a4abe52af456da35195f7cb7dda27b4a2
  languageName: node
  linkType: hard

"@jupyter/ydoc@npm:^1.1.1":
  version: 1.1.1
  resolution: "@jupyter/ydoc@npm:1.1.1"
  dependencies:
    "@jupyterlab/nbformat": ^3.0.0 || ^4.0.0-alpha.21 || ^4.0.0
    "@lumino/coreutils": ^1.11.0 || ^2.0.0
    "@lumino/disposable": ^1.10.0 || ^2.0.0
    "@lumino/signaling": ^1.10.0 || ^2.0.0
    y-protocols: ^1.0.5
    yjs: ^13.5.40
  checksum: a239b1dd57cfc9ba36c06ac5032a1b6388849ae01a1d0db0d45094f71fdadf4d473b4bf8becbef0cfcdc85cae505361fbec0822b02da5aa48e06b66f742dd7a0
  languageName: node
  linkType: hard

"@jupyterlab/application@npm:^4.0.11":
  version: 4.0.11
  resolution: "@jupyterlab/application@npm:4.0.11"
  dependencies:
    "@fortawesome/fontawesome-free": ^5.12.0
    "@jupyterlab/apputils": ^4.1.11
    "@jupyterlab/coreutils": ^6.0.11
    "@jupyterlab/docregistry": ^4.0.11
    "@jupyterlab/rendermime": ^4.0.11
    "@jupyterlab/rendermime-interfaces": ^3.8.11
    "@jupyterlab/services": ^7.0.11
    "@jupyterlab/statedb": ^4.0.11
    "@jupyterlab/translation": ^4.0.11
    "@jupyterlab/ui-components": ^4.0.11
    "@lumino/algorithm": ^2.0.1
    "@lumino/application": ^2.2.1
    "@lumino/commands": ^2.1.3
    "@lumino/coreutils": ^2.1.2
    "@lumino/disposable": ^2.1.2
    "@lumino/messaging": ^2.0.1
    "@lumino/polling": ^2.1.2
    "@lumino/properties": ^2.0.1
    "@lumino/signaling": ^2.1.2
    "@lumino/widgets": ^2.3.0
  checksum: 9df885a5369cd43bc6636ef24afaa4bb371f3fff8940e3487bdb5e0de4b6a70bb33b43c6a50da69590c563b4d3e04f5219de0239a7aa859ffac7d3d1e017d23f
  languageName: node
  linkType: hard

"@jupyterlab/apputils@npm:^4.1.11":
  version: 4.1.11
  resolution: "@jupyterlab/apputils@npm:4.1.11"
  dependencies:
    "@jupyterlab/coreutils": ^6.0.11
    "@jupyterlab/observables": ^5.0.11
    "@jupyterlab/rendermime-interfaces": ^3.8.11
    "@jupyterlab/services": ^7.0.11
    "@jupyterlab/settingregistry": ^4.0.11
    "@jupyterlab/statedb": ^4.0.11
    "@jupyterlab/statusbar": ^4.0.11
    "@jupyterlab/translation": ^4.0.11
    "@jupyterlab/ui-components": ^4.0.11
    "@lumino/algorithm": ^2.0.1
    "@lumino/commands": ^2.1.3
    "@lumino/coreutils": ^2.1.2
    "@lumino/disposable": ^2.1.2
    "@lumino/domutils": ^2.0.1
    "@lumino/messaging": ^2.0.1
    "@lumino/signaling": ^2.1.2
    "@lumino/virtualdom": ^2.0.1
    "@lumino/widgets": ^2.3.0
    "@types/react": ^18.0.26
    react: ^18.2.0
    sanitize-html: ~2.7.3
  checksum: ab1bfa8e95de86464c35a2460e9cc4f89594a2cb69b38c19fd6d17a1c3d89e5c9fb368a1ac5425b5190c407e64c305c428e076a701117fc9007d0176bfe98501
  languageName: node
  linkType: hard

"@jupyterlab/codeeditor@npm:^4.0.11":
  version: 4.0.11
  resolution: "@jupyterlab/codeeditor@npm:4.0.11"
  dependencies:
    "@codemirror/state": ^6.2.0
    "@jupyter/ydoc": ^1.1.1
    "@jupyterlab/coreutils": ^6.0.11
    "@jupyterlab/nbformat": ^4.0.11
    "@jupyterlab/observables": ^5.0.11
    "@jupyterlab/statusbar": ^4.0.11
    "@jupyterlab/translation": ^4.0.11
    "@jupyterlab/ui-components": ^4.0.11
    "@lumino/coreutils": ^2.1.2
    "@lumino/disposable": ^2.1.2
    "@lumino/dragdrop": ^2.1.4
    "@lumino/messaging": ^2.0.1
    "@lumino/signaling": ^2.1.2
    "@lumino/widgets": ^2.3.0
    react: ^18.2.0
  checksum: 65e3a5ad115fd288d4389b90e0d475051192f361d9ac119d3b75d150db973c735638051474dae18a3fca9ba8e986ea33b57ed424f1c444bafcd60b3e47e548f3
  languageName: node
  linkType: hard

"@jupyterlab/coreutils@npm:^6.0.11":
  version: 6.0.11
  resolution: "@jupyterlab/coreutils@npm:6.0.11"
  dependencies:
    "@lumino/coreutils": ^2.1.2
    "@lumino/disposable": ^2.1.2
    "@lumino/signaling": ^2.1.2
    minimist: ~1.2.0
    path-browserify: ^1.0.0
    url-parse: ~1.5.4
  checksum: 2a3ab30865439d486ad180c0779bf086992d5999727e1fb4cbadad6ecd4c53fbcfcde4fc611d9819dc28aedc6b36e7b48d267ff2bcdd8f35de5b4f3d7145f2cc
  languageName: node
  linkType: hard

"@jupyterlab/docregistry@npm:^4.0.11":
  version: 4.0.11
  resolution: "@jupyterlab/docregistry@npm:4.0.11"
  dependencies:
    "@jupyter/ydoc": ^1.1.1
    "@jupyterlab/apputils": ^4.1.11
    "@jupyterlab/codeeditor": ^4.0.11
    "@jupyterlab/coreutils": ^6.0.11
    "@jupyterlab/observables": ^5.0.11
    "@jupyterlab/rendermime": ^4.0.11
    "@jupyterlab/rendermime-interfaces": ^3.8.11
    "@jupyterlab/services": ^7.0.11
    "@jupyterlab/translation": ^4.0.11
    "@jupyterlab/ui-components": ^4.0.11
    "@lumino/algorithm": ^2.0.1
    "@lumino/coreutils": ^2.1.2
    "@lumino/disposable": ^2.1.2
    "@lumino/messaging": ^2.0.1
    "@lumino/properties": ^2.0.1
    "@lumino/signaling": ^2.1.2
    "@lumino/widgets": ^2.3.0
  checksum: 0c08ec3660f17b6d45aae030215a008278e82068b94bdd1bb77ec4e2995b5ef974830e90a78f5b46e7863204bab1ac397306c5d65901fed4f6bca5e57b4cbe05
  languageName: node
  linkType: hard

"@jupyterlab/nbformat@npm:^3.0.0 || ^4.0.0-alpha.21 || ^4.0.0, @jupyterlab/nbformat@npm:^4.0.11":
  version: 4.0.11
  resolution: "@jupyterlab/nbformat@npm:4.0.11"
  dependencies:
    "@lumino/coreutils": ^2.1.2
  checksum: 7bb488e94f09d66d858ce2a001e208beca9f1e87fc674332c4630cfb5039a6bd1579d9071019782aba546a9b43e2a7de5b125f7a0a7a7caa0b190a2b8d1266b6
  languageName: node
  linkType: hard

"@jupyterlab/observables@npm:^5.0.11":
  version: 5.0.11
  resolution: "@jupyterlab/observables@npm:5.0.11"
  dependencies:
    "@lumino/algorithm": ^2.0.1
    "@lumino/coreutils": ^2.1.2
    "@lumino/disposable": ^2.1.2
    "@lumino/messaging": ^2.0.1
    "@lumino/signaling": ^2.1.2
  checksum: b47cc8e73db9cc856454c0db530b774a4d11f6ade066b52fe521b0cec2b7a8f5eebfe2c0f0f7ada976474698dab9a77bdef3feea2960ea75bcf7052404ebec16
  languageName: node
  linkType: hard

"@jupyterlab/rendermime-interfaces@npm:^3.8.11":
  version: 3.8.11
  resolution: "@jupyterlab/rendermime-interfaces@npm:3.8.11"
  dependencies:
    "@lumino/coreutils": ^1.11.0 || ^2.1.2
    "@lumino/widgets": ^1.37.2 || ^2.3.0
  checksum: 277373ca5e05bfbcd6e88c38cdf5c1bdfc052beaf1cac120cb3a458d96cce949b17c9b47cfd16cfcf2e2241530fa9f3062343512084b79a549f6bde84a846c84
  languageName: node
  linkType: hard

"@jupyterlab/rendermime@npm:^4.0.11":
  version: 4.0.11
  resolution: "@jupyterlab/rendermime@npm:4.0.11"
  dependencies:
    "@jupyterlab/apputils": ^4.1.11
    "@jupyterlab/coreutils": ^6.0.11
    "@jupyterlab/nbformat": ^4.0.11
    "@jupyterlab/observables": ^5.0.11
    "@jupyterlab/rendermime-interfaces": ^3.8.11
    "@jupyterlab/services": ^7.0.11
    "@jupyterlab/translation": ^4.0.11
    "@lumino/coreutils": ^2.1.2
    "@lumino/messaging": ^2.0.1
    "@lumino/signaling": ^2.1.2
    "@lumino/widgets": ^2.3.0
    lodash.escape: ^4.0.1
  checksum: cb76d6824caac3b50e4e38c171f7db7239deb4499b0be237d51c68b3195c4d2edb1e4fa42253183949459ae0b78a1acbdc936b1eba51c8472bcf89586d267975
  languageName: node
  linkType: hard

"@jupyterlab/services@npm:^7.0.11":
  version: 7.0.11
  resolution: "@jupyterlab/services@npm:7.0.11"
  dependencies:
    "@jupyter/ydoc": ^1.1.1
    "@jupyterlab/coreutils": ^6.0.11
    "@jupyterlab/nbformat": ^4.0.11
    "@jupyterlab/settingregistry": ^4.0.11
    "@jupyterlab/statedb": ^4.0.11
    "@lumino/coreutils": ^2.1.2
    "@lumino/disposable": ^2.1.2
    "@lumino/polling": ^2.1.2
    "@lumino/properties": ^2.0.1
    "@lumino/signaling": ^2.1.2
    ws: ^8.11.0
  checksum: 6539cc1b34f29feaab094a570576890984fe9cc3f0140dc3b17cca1ead878197bd3d2ca01b4f6fe6808ee5dca8f720769e0db10a27f1fcad1759b6ead9631b24
  languageName: node
  linkType: hard

"@jupyterlab/settingregistry@npm:^4.0.11":
  version: 4.0.11
  resolution: "@jupyterlab/settingregistry@npm:4.0.11"
  dependencies:
    "@jupyterlab/nbformat": ^4.0.11
    "@jupyterlab/statedb": ^4.0.11
    "@lumino/commands": ^2.1.3
    "@lumino/coreutils": ^2.1.2
    "@lumino/disposable": ^2.1.2
    "@lumino/signaling": ^2.1.2
    "@rjsf/utils": ^5.1.0
    ajv: ^8.12.0
    json5: ^2.2.3
  peerDependencies:
    react: ">=16"
  checksum: 97d06a08eff0589e83c40611f50e765dc8c75b33f821bee86defdb856c7747276174cc3370374159a37ae1393779cf18634fbca69072db447c053ccb872f3117
  languageName: node
  linkType: hard

"@jupyterlab/statedb@npm:^4.0.11":
  version: 4.0.11
  resolution: "@jupyterlab/statedb@npm:4.0.11"
  dependencies:
    "@lumino/commands": ^2.1.3
    "@lumino/coreutils": ^2.1.2
    "@lumino/disposable": ^2.1.2
    "@lumino/properties": ^2.0.1
    "@lumino/signaling": ^2.1.2
  checksum: b0637af63185b71db698ce572d2fcdaee94e6fe93659ead1e2301cb6ee1ec2b16164a61275cb44af3cac679d40b1a2c3492f20b44d9eb07a75440706627cd733
  languageName: node
  linkType: hard

"@jupyterlab/statusbar@npm:^4.0.11":
  version: 4.0.11
  resolution: "@jupyterlab/statusbar@npm:4.0.11"
  dependencies:
    "@jupyterlab/ui-components": ^4.0.11
    "@lumino/algorithm": ^2.0.1
    "@lumino/coreutils": ^2.1.2
    "@lumino/disposable": ^2.1.2
    "@lumino/messaging": ^2.0.1
    "@lumino/signaling": ^2.1.2
    "@lumino/widgets": ^2.3.0
    react: ^18.2.0
  checksum: cb9d8e51533d1b0dd13f0459b3f33bab23c23dffdfb58467e58d47d0cb09f61fce320b67c50e3e5a2328fba9f7a815d4f483f460b6bea8b34cf7fcd02144fe10
  languageName: node
  linkType: hard

"@jupyterlab/translation@npm:^4.0.11":
  version: 4.0.11
  resolution: "@jupyterlab/translation@npm:4.0.11"
  dependencies:
    "@jupyterlab/coreutils": ^6.0.11
    "@jupyterlab/rendermime-interfaces": ^3.8.11
    "@jupyterlab/services": ^7.0.11
    "@jupyterlab/statedb": ^4.0.11
    "@lumino/coreutils": ^2.1.2
  checksum: 1e65d0a162d56724a99dcb7eec874b80e78f8113e14d9cc1461f56cebef9a21604baf1fffd43cd62f186942b63fd49effec2b1960e4e3aca0a6cbe03df46bd51
  languageName: node
  linkType: hard

"@jupyterlab/ui-components@npm:^4.0.11":
  version: 4.0.11
  resolution: "@jupyterlab/ui-components@npm:4.0.11"
  dependencies:
    "@jupyterlab/coreutils": ^6.0.11
    "@jupyterlab/observables": ^5.0.11
    "@jupyterlab/rendermime-interfaces": ^3.8.11
    "@jupyterlab/translation": ^4.0.11
    "@lumino/algorithm": ^2.0.1
    "@lumino/commands": ^2.1.3
    "@lumino/coreutils": ^2.1.2
    "@lumino/disposable": ^2.1.2
    "@lumino/messaging": ^2.0.1
    "@lumino/polling": ^2.1.2
    "@lumino/properties": ^2.0.1
    "@lumino/signaling": ^2.1.2
    "@lumino/virtualdom": ^2.0.1
    "@lumino/widgets": ^2.3.0
    "@rjsf/core": ^5.1.0
    "@rjsf/utils": ^5.1.0
    react: ^18.2.0
    react-dom: ^18.2.0
    typestyle: ^2.0.4
  peerDependencies:
    react: ^18.2.0
  checksum: 0ad2fcdcb531ffc4da4f475c24520007d65190c70bfe07888f4284256754e15ffb77d23f02a6ce44688bad0103484cba22327db49796abb13f8dfc335ea2373d
  languageName: node
  linkType: hard

"@lumino/algorithm@npm:^2.0.1":
  version: 2.0.1
  resolution: "@lumino/algorithm@npm:2.0.1"
  checksum: cbf7fcf6ee6b785ea502cdfddc53d61f9d353dcb9659343511d5cd4b4030be2ff2ca4c08daec42f84417ab0318a3d9972a17319fa5231693e109ab112dcf8000
  languageName: node
  linkType: hard

"@lumino/application@npm:^2.2.1":
  version: 2.3.0
  resolution: "@lumino/application@npm:2.3.0"
  dependencies:
    "@lumino/commands": ^2.2.0
    "@lumino/coreutils": ^2.1.2
    "@lumino/widgets": ^2.3.1
  checksum: 9d1eb5bc972ed158bf219604a53bbac1262059bc5b0123d3e041974486b9cbb8288abeeec916f3b62f62d7c32e716cccf8b73e4832ae927e4f9dd4e4b0cd37ed
  languageName: node
  linkType: hard

"@lumino/collections@npm:^2.0.1":
  version: 2.0.1
  resolution: "@lumino/collections@npm:2.0.1"
  dependencies:
    "@lumino/algorithm": ^2.0.1
  checksum: 8a29b7973a388a33c5beda0819dcd2dc2aad51a8406dcfd4581b055a9f77a39dc5800f7a8b4ae3c0bb97ae7b56a7a869e2560ffb7a920a28e93b477ba05907d6
  languageName: node
  linkType: hard

"@lumino/commands@npm:^2.1.3, @lumino/commands@npm:^2.2.0":
  version: 2.2.0
  resolution: "@lumino/commands@npm:2.2.0"
  dependencies:
    "@lumino/algorithm": ^2.0.1
    "@lumino/coreutils": ^2.1.2
    "@lumino/disposable": ^2.1.2
    "@lumino/domutils": ^2.0.1
    "@lumino/keyboard": ^2.0.1
    "@lumino/signaling": ^2.1.2
    "@lumino/virtualdom": ^2.0.1
  checksum: 093e9715491e5cef24bc80665d64841417b400f2fa595f9b60832a3b6340c405c94a6aa276911944a2c46d79a6229f3cc087b73f50852bba25ece805abd0fae9
  languageName: node
  linkType: hard

"@lumino/coreutils@npm:^1.11.0 || ^2.0.0, @lumino/coreutils@npm:^1.11.0 || ^2.1.2, @lumino/coreutils@npm:^2.1.2":
  version: 2.1.2
  resolution: "@lumino/coreutils@npm:2.1.2"
  checksum: 7865317ac0676b448d108eb57ab5d8b2a17c101995c0f7a7106662d9fe6c859570104525f83ee3cda12ae2e326803372206d6f4c1f415a5b59e4158a7b81066f
  languageName: node
  linkType: hard

"@lumino/disposable@npm:^1.10.0 || ^2.0.0, @lumino/disposable@npm:^2.1.2":
  version: 2.1.2
  resolution: "@lumino/disposable@npm:2.1.2"
  dependencies:
    "@lumino/signaling": ^2.1.2
  checksum: ac2fb2bf18d0b2939fda454f3db248a0ff6e8a77b401e586d1caa9293b3318f808b93a117c9c3ac27cd17aab545aea83b49108d099b9b2f5503ae2a012fbc6e2
  languageName: node
  linkType: hard

"@lumino/domutils@npm:^2.0.1":
  version: 2.0.1
  resolution: "@lumino/domutils@npm:2.0.1"
  checksum: 61fa0ab226869dfbb763fc426790cf5a43b7d6f4cea1364c6dd56d61c44bff05eea188d33ff847449608ef58ed343161bee15c19b96f35410e4ee35815dc611a
  languageName: node
  linkType: hard

"@lumino/dragdrop@npm:^2.1.4":
  version: 2.1.4
  resolution: "@lumino/dragdrop@npm:2.1.4"
  dependencies:
    "@lumino/coreutils": ^2.1.2
    "@lumino/disposable": ^2.1.2
  checksum: 43d82484b13b38b612e7dfb424a840ed6a38d0db778af10655c4ba235c67b5b12db1683929b35a36ab2845f77466066dfd1ee25c1c273e8e175677eba9dc560d
  languageName: node
  linkType: hard

"@lumino/keyboard@npm:^2.0.1":
  version: 2.0.1
  resolution: "@lumino/keyboard@npm:2.0.1"
  checksum: cf33f13427a418efd7cc91061233321e860d5404f3d86397781028309bef86c8ad2d88276ffe335c1db0fe619bd9d1e60641c81f881696957a58703ee4652c3e
  languageName: node
  linkType: hard

"@lumino/messaging@npm:^2.0.1":
  version: 2.0.1
  resolution: "@lumino/messaging@npm:2.0.1"
  dependencies:
    "@lumino/algorithm": ^2.0.1
    "@lumino/collections": ^2.0.1
  checksum: 964c4651c374b17452b4252b7d71500b32d2ecd87c192fc5bcf5d3bd1070661d78d07edcac8eca7d1d6fd50aa25992505485e1296d6dd995691b8e349b652045
  languageName: node
  linkType: hard

"@lumino/polling@npm:^2.1.2":
  version: 2.1.2
  resolution: "@lumino/polling@npm:2.1.2"
  dependencies:
    "@lumino/coreutils": ^2.1.2
    "@lumino/disposable": ^2.1.2
    "@lumino/signaling": ^2.1.2
  checksum: fa9b401e6dbeb8f31d7e3ba485e8ef1e0c92b3f2da086239c0ed49931026f5d3528709193c93e031e35ac624fb4bbbfcdcbaa0e25eb797f36e2952e5cd91e9e3
  languageName: node
  linkType: hard

"@lumino/properties@npm:^2.0.1":
  version: 2.0.1
  resolution: "@lumino/properties@npm:2.0.1"
  checksum: c50173a935148cc4148fdaea119df1d323ee004ae16ab666800388d27e9730345629662d85f25591683329b39f0cdae60ee8c94e8943b4d0ef7d7370a38128d6
  languageName: node
  linkType: hard

"@lumino/signaling@npm:^1.10.0 || ^2.0.0, @lumino/signaling@npm:^2.1.2":
  version: 2.1.2
  resolution: "@lumino/signaling@npm:2.1.2"
  dependencies:
    "@lumino/algorithm": ^2.0.1
    "@lumino/coreutils": ^2.1.2
  checksum: ad7d7153db57980da899c43e412e6130316ef30b231a70250e7af49058db16cadb018c1417a2ea8083d83c48623cfe6b705fa82bf10216b1a8949aed9f4aca4e
  languageName: node
  linkType: hard

"@lumino/virtualdom@npm:^2.0.1":
  version: 2.0.1
  resolution: "@lumino/virtualdom@npm:2.0.1"
  dependencies:
    "@lumino/algorithm": ^2.0.1
  checksum: cf59b6f15b430e13e9e657b7a0619b9056cd9ea7b2a87f407391d071c501b77403c302b6a66dca510382045e75b2e3fe551630bb391f1c6b33678057d4bec164
  languageName: node
  linkType: hard

"@lumino/widgets@npm:^1.37.2 || ^2.3.0, @lumino/widgets@npm:^2.3.0, @lumino/widgets@npm:^2.3.1":
  version: 2.3.1
  resolution: "@lumino/widgets@npm:2.3.1"
  dependencies:
    "@lumino/algorithm": ^2.0.1
    "@lumino/commands": ^2.2.0
    "@lumino/coreutils": ^2.1.2
    "@lumino/disposable": ^2.1.2
    "@lumino/domutils": ^2.0.1
    "@lumino/dragdrop": ^2.1.4
    "@lumino/keyboard": ^2.0.1
    "@lumino/messaging": ^2.0.1
    "@lumino/properties": ^2.0.1
    "@lumino/signaling": ^2.1.2
    "@lumino/virtualdom": ^2.0.1
  checksum: ba7b8f8839c1cd2a41dbda13281094eb6981a270cccf4f25a0cf83686dcc526a2d8044a20204317630bb7dd4a04d65361408c7623a921549c781afca84b91c67
  languageName: node
  linkType: hard

"@rjsf/core@npm:^5.1.0":
  version: 5.16.1
  resolution: "@rjsf/core@npm:5.16.1"
  dependencies:
    lodash: ^4.17.21
    lodash-es: ^4.17.21
    markdown-to-jsx: ^7.4.0
    nanoid: ^3.3.7
    prop-types: ^15.8.1
  peerDependencies:
    "@rjsf/utils": ^5.16.x
    react: ^16.14.0 || >=17
  checksum: 2f88dc6af9dda8ec5c8cbac63f3f9e776a11fe363ce938aa7b5c7a3baaa84a7a2f3796ebf55b361a8cb65267a1715ab880a4743636fb88e06b0240d07f0e4c7b
  languageName: node
  linkType: hard

"@rjsf/utils@npm:^5.1.0":
  version: 5.16.1
  resolution: "@rjsf/utils@npm:5.16.1"
  dependencies:
    json-schema-merge-allof: ^0.8.1
    jsonpointer: ^5.0.1
    lodash: ^4.17.21
    lodash-es: ^4.17.21
    react-is: ^18.2.0
  peerDependencies:
    react: ^16.14.0 || >=17
  checksum: 0c69527de4ab6f9d6ec4d1a5e05a31a0a38062d40abe2a2da7bc2324b20b08b0e90c188977ac4408f3b004c758c28097444746f3215e21e184c11cad7e9278c1
  languageName: node
  linkType: hard

"@types/prop-types@npm:*":
  version: 15.7.11
  resolution: "@types/prop-types@npm:15.7.11"
  checksum: 7519ff11d06fbf6b275029fe03fff9ec377b4cb6e864cac34d87d7146c7f5a7560fd164bdc1d2dbe00b60c43713631251af1fd3d34d46c69cd354602bc0c7c54
  languageName: node
  linkType: hard

"@types/react@npm:^18.0.26":
  version: 18.2.48
  resolution: "@types/react@npm:18.2.48"
  dependencies:
    "@types/prop-types": "*"
    "@types/scheduler": "*"
    csstype: ^3.0.2
  checksum: c9ca43ed2995389b7e09492c24e6f911a8439bb8276dd17cc66a2fbebbf0b42daf7b2ad177043256533607c2ca644d7d928fdfce37a67af1f8646d2bac988900
  languageName: node
  linkType: hard

"@types/scheduler@npm:*":
  version: 0.16.8
  resolution: "@types/scheduler@npm:0.16.8"
  checksum: 6c091b096daa490093bf30dd7947cd28e5b2cd612ec93448432b33f724b162587fed9309a0acc104d97b69b1d49a0f3fc755a62282054d62975d53d7fd13472d
  languageName: node
  linkType: hard

"ajv@npm:^8.12.0":
  version: 8.12.0
  resolution: "ajv@npm:8.12.0"
  dependencies:
    fast-deep-equal: ^3.1.1
    json-schema-traverse: ^1.0.0
    require-from-string: ^2.0.2
    uri-js: ^4.2.2
  checksum: 4dc13714e316e67537c8b31bc063f99a1d9d9a497eb4bbd55191ac0dcd5e4985bbb71570352ad6f1e76684fb6d790928f96ba3b2d4fd6e10024be9612fe3f001
  languageName: node
  linkType: hard

"compute-gcd@npm:^1.2.1":
  version: 1.2.1
  resolution: "compute-gcd@npm:1.2.1"
  dependencies:
    validate.io-array: ^1.0.3
    validate.io-function: ^1.0.2
    validate.io-integer-array: ^1.0.0
  checksum: 51cf33b75f7c8db5142fcb99a9d84a40260993fed8e02a7ab443834186c3ab99b3fd20b30ad9075a6a9d959d69df6da74dd3be8a59c78d9f2fe780ebda8242e1
  languageName: node
  linkType: hard

"compute-lcm@npm:^1.1.2":
  version: 1.1.2
  resolution: "compute-lcm@npm:1.1.2"
  dependencies:
    compute-gcd: ^1.2.1
    validate.io-array: ^1.0.3
    validate.io-function: ^1.0.2
    validate.io-integer-array: ^1.0.0
  checksum: d499ab57dcb48e8d0fd233b99844a06d1cc56115602c920c586e998ebba60293731f5b6976e8a1e83ae6cbfe86716f62d9432e8d94913fed8bd8352f447dc917
  languageName: node
  linkType: hard

"csstype@npm:3.0.10":
  version: 3.0.10
  resolution: "csstype@npm:3.0.10"
  checksum: 20a8fa324f2b33ddf94aa7507d1b6ab3daa6f3cc308888dc50126585d7952f2471de69b2dbe0635d1fdc31223fef8e070842691877e725caf456e2378685a631
  languageName: node
  linkType: hard

"csstype@npm:^3.0.2":
  version: 3.1.3
  resolution: "csstype@npm:3.1.3"
  checksum: 8db785cc92d259102725b3c694ec0c823f5619a84741b5c7991b8ad135dfaa66093038a1cc63e03361a6cd28d122be48f2106ae72334e067dd619a51f49eddf7
  languageName: node
  linkType: hard

"deepmerge@npm:^4.2.2":
  version: 4.3.1
  resolution: "deepmerge@npm:4.3.1"
  checksum: 2024c6a980a1b7128084170c4cf56b0fd58a63f2da1660dcfe977415f27b17dbe5888668b59d0b063753f3220719d5e400b7f113609489c90160bb9a5518d052
  languageName: node
  linkType: hard

"dom-serializer@npm:^1.0.1":
  version: 1.4.1
  resolution: "dom-serializer@npm:1.4.1"
  dependencies:
    domelementtype: ^2.0.1
    domhandler: ^4.2.0
    entities: ^2.0.0
  checksum: fbb0b01f87a8a2d18e6e5a388ad0f7ec4a5c05c06d219377da1abc7bb0f674d804f4a8a94e3f71ff15f6cb7dcfc75704a54b261db672b9b3ab03da6b758b0b22
  languageName: node
  linkType: hard

"domelementtype@npm:^2.0.1, domelementtype@npm:^2.2.0":
  version: 2.3.0
  resolution: "domelementtype@npm:2.3.0"
  checksum: ee837a318ff702622f383409d1f5b25dd1024b692ef64d3096ff702e26339f8e345820f29a68bcdcea8cfee3531776b3382651232fbeae95612d6f0a75efb4f6
  languageName: node
  linkType: hard

"domhandler@npm:^4.0.0, domhandler@npm:^4.2.0":
  version: 4.3.1
  resolution: "domhandler@npm:4.3.1"
  dependencies:
    domelementtype: ^2.2.0
  checksum: 4c665ceed016e1911bf7d1dadc09dc888090b64dee7851cccd2fcf5442747ec39c647bb1cb8c8919f8bbdd0f0c625a6bafeeed4b2d656bbecdbae893f43ffaaa
  languageName: node
  linkType: hard

"domutils@npm:^2.5.2":
  version: 2.8.0
  resolution: "domutils@npm:2.8.0"
  dependencies:
    dom-serializer: ^1.0.1
    domelementtype: ^2.2.0
    domhandler: ^4.2.0
  checksum: abf7434315283e9aadc2a24bac0e00eab07ae4313b40cc239f89d84d7315ebdfd2fb1b5bf750a96bc1b4403d7237c7b2ebf60459be394d625ead4ca89b934391
  languageName: node
  linkType: hard

"entities@npm:^2.0.0":
  version: 2.2.0
  resolution: "entities@npm:2.2.0"
  checksum: 19010dacaf0912c895ea262b4f6128574f9ccf8d4b3b65c7e8334ad0079b3706376360e28d8843ff50a78aabcb8f08f0a32dbfacdc77e47ed77ca08b713669b3
  languageName: node
  linkType: hard

"escape-string-regexp@npm:^4.0.0":
  version: 4.0.0
  resolution: "escape-string-regexp@npm:4.0.0"
  checksum: 98b48897d93060f2322108bf29db0feba7dd774be96cd069458d1453347b25ce8682ecc39859d4bca2203cc0ab19c237bcc71755eff49a0f8d90beadeeba5cc5
  languageName: node
  linkType: hard

"fast-deep-equal@npm:^3.1.1":
  version: 3.1.3
  resolution: "fast-deep-equal@npm:3.1.3"
  checksum: e21a9d8d84f53493b6aa15efc9cfd53dd5b714a1f23f67fb5dc8f574af80df889b3bce25dc081887c6d25457cce704e636395333abad896ccdec03abaf1f3f9d
  languageName: node
  linkType: hard

"free-style@npm:3.1.0":
  version: 3.1.0
  resolution: "free-style@npm:3.1.0"
  checksum: 949258ae315deda48cac93ecd5f9a80f36e8a027e19ce2103598dc8d5ab60e963bbad5444b2a4990ddb746798dd188896f430285cf484afbf2141f7d75a191d8
  languageName: node
  linkType: hard

"htmlparser2@npm:^6.0.0":
  version: 6.1.0
  resolution: "htmlparser2@npm:6.1.0"
  dependencies:
    domelementtype: ^2.0.1
    domhandler: ^4.0.0
    domutils: ^2.5.2
    entities: ^2.0.0
  checksum: 81a7b3d9c3bb9acb568a02fc9b1b81ffbfa55eae7f1c41ae0bf840006d1dbf54cb3aa245b2553e2c94db674840a9f0fdad7027c9a9d01a062065314039058c4e
  languageName: node
  linkType: hard

"is-plain-object@npm:^5.0.0":
  version: 5.0.0
  resolution: "is-plain-object@npm:5.0.0"
  checksum: e32d27061eef62c0847d303125440a38660517e586f2f3db7c9d179ae5b6674ab0f469d519b2e25c147a1a3bc87156d0d5f4d8821e0ce4a9ee7fe1fcf11ce45c
  languageName: node
  linkType: hard

"isomorphic.js@npm:^0.2.4":
  version: 0.2.5
  resolution: "isomorphic.js@npm:0.2.5"
  checksum: d8d1b083f05f3c337a06628b982ac3ce6db953bbef14a9de8ad49131250c3592f864b73c12030fdc9ef138ce97b76ef55c7d96a849561ac215b1b4b9d301c8e9
  languageName: node
  linkType: hard

"js-tokens@npm:^3.0.0 || ^4.0.0":
  version: 4.0.0
  resolution: "js-tokens@npm:4.0.0"
  checksum: 8a95213a5a77deb6cbe94d86340e8d9ace2b93bc367790b260101d2f36a2eaf4e4e22d9fa9cf459b38af3a32fb4190e638024cf82ec95ef708680e405ea7cc78
  languageName: node
  linkType: hard

"json-schema-compare@npm:^0.2.2":
  version: 0.2.2
  resolution: "json-schema-compare@npm:0.2.2"
  dependencies:
    lodash: ^4.17.4
  checksum: dd6f2173857c8e3b77d6ebdfa05bd505bba5b08709ab46b532722f5d1c33b5fee1fc8f3c97d0c0d011db25f9f3b0baf7ab783bb5f55c32abd9f1201760e43c2c
  languageName: node
  linkType: hard

"json-schema-merge-allof@npm:^0.8.1":
  version: 0.8.1
  resolution: "json-schema-merge-allof@npm:0.8.1"
  dependencies:
    compute-lcm: ^1.1.2
    json-schema-compare: ^0.2.2
    lodash: ^4.17.20
  checksum: 82700f6ac77351959138d6b153d77375a8c29cf48d907241b85c8292dd77aabd8cb816400f2b0d17062c4ccc8893832ec4f664ab9c814927ef502e7a595ea873
  languageName: node
  linkType: hard

"json-schema-traverse@npm:^1.0.0":
  version: 1.0.0
  resolution: "json-schema-traverse@npm:1.0.0"
  checksum: 02f2f466cdb0362558b2f1fd5e15cce82ef55d60cd7f8fa828cf35ba74330f8d767fcae5c5c2adb7851fa811766c694b9405810879bc4e1ddd78a7c0e03658ad
  languageName: node
  linkType: hard

"json5@npm:^2.2.3":
  version: 2.2.3
  resolution: "json5@npm:2.2.3"
  bin:
    json5: lib/cli.js
  checksum: 2a7436a93393830bce797d4626275152e37e877b265e94ca69c99e3d20c2b9dab021279146a39cdb700e71b2dd32a4cebd1514cd57cee102b1af906ce5040349
  languageName: node
  linkType: hard

"jsonpointer@npm:^5.0.1":
  version: 5.0.1
  resolution: "jsonpointer@npm:5.0.1"
  checksum: 0b40f712900ad0c846681ea2db23b6684b9d5eedf55807b4708c656f5894b63507d0e28ae10aa1bddbea551241035afe62b6df0800fc94c2e2806a7f3adecd7c
  languageName: node
  linkType: hard

"jupyterlab-iframe-bridge-example@https://github.com/Exabyte-io/jupyter-lite-extensions":
  version: 0.1.0
  resolution: "jupyterlab-iframe-bridge-example@https://github.com/Exabyte-io/jupyter-lite-extensions.git#commit=892b825370b3299ea0acfb0a7b6f5e29899bad2f"
  dependencies:
    "@jupyterlab/application": ^4.0.11
    "@jupyterlab/apputils": ^4.1.11
  checksum: bb306335ab21e8d9c9714e9ab0b42de03e4b0e9e49167c6e8276b6de16309beb1af29297d63225dbb669fa70bb758c7305412ebda0710f5ea69090f33b0644eb
  languageName: node
  linkType: hard

"lib0@npm:^0.2.85, lib0@npm:^0.2.86":
  version: 0.2.88
  resolution: "lib0@npm:0.2.88"
  dependencies:
    isomorphic.js: ^0.2.4
  bin:
    0gentesthtml: bin/gentesthtml.js
    0serve: bin/0serve.js
  checksum: 1ac13d6781f4d29aa317ad9fb9b6c41e8bed52b096a369f54d10d9b8651ceb4a0a63b06c01c2e1c7319d3bb74668afb6cac3735161b32031f185cec024bbba37
  languageName: node
  linkType: hard

"lodash-es@npm:^4.17.21":
  version: 4.17.21
  resolution: "lodash-es@npm:4.17.21"
  checksum: 05cbffad6e2adbb331a4e16fbd826e7faee403a1a04873b82b42c0f22090f280839f85b95393f487c1303c8a3d2a010048bf06151a6cbe03eee4d388fb0a12d2
  languageName: node
  linkType: hard

"lodash.escape@npm:^4.0.1":
  version: 4.0.1
  resolution: "lodash.escape@npm:4.0.1"
  checksum: fcb54f457497256964d619d5cccbd80a961916fca60df3fe0fa3e7f052715c2944c0ed5aefb4f9e047d127d44aa2d55555f3350cb42c6549e9e293fb30b41e7f
  languageName: node
  linkType: hard

"lodash@npm:^4.17.20, lodash@npm:^4.17.21, lodash@npm:^4.17.4":
  version: 4.17.21
  resolution: "lodash@npm:4.17.21"
  checksum: eb835a2e51d381e561e508ce932ea50a8e5a68f4ebdd771ea240d3048244a8d13658acbd502cd4829768c56f2e16bdd4340b9ea141297d472517b83868e677f7
  languageName: node
  linkType: hard

"loose-envify@npm:^1.1.0, loose-envify@npm:^1.4.0":
  version: 1.4.0
  resolution: "loose-envify@npm:1.4.0"
  dependencies:
    js-tokens: ^3.0.0 || ^4.0.0
  bin:
    loose-envify: cli.js
  checksum: 6517e24e0cad87ec9888f500c5b5947032cdfe6ef65e1c1936a0c48a524b81e65542c9c3edc91c97d5bddc806ee2a985dbc79be89215d613b1de5db6d1cfe6f4
  languageName: node
  linkType: hard

"markdown-to-jsx@npm:^7.4.0":
  version: 7.4.0
  resolution: "markdown-to-jsx@npm:7.4.0"
  peerDependencies:
    react: ">= 0.14.0"
  checksum: 59959d14d7927ed8a97e42d39771e2b445b90fa098477fb6ab040f044d230517dc4a95ba38a4f924cfc965a96b32211d93def150a6184f0e51d2cefdc8cb415d
  languageName: node
  linkType: hard

"minimist@npm:~1.2.0":
  version: 1.2.8
  resolution: "minimist@npm:1.2.8"
  checksum: 75a6d645fb122dad29c06a7597bddea977258957ed88d7a6df59b5cd3fe4a527e253e9bbf2e783e4b73657f9098b96a5fe96ab8a113655d4109108577ecf85b0
  languageName: node
  linkType: hard

"nanoid@npm:^3.3.7":
  version: 3.3.7
  resolution: "nanoid@npm:3.3.7"
  bin:
    nanoid: bin/nanoid.cjs
  checksum: d36c427e530713e4ac6567d488b489a36582ef89da1d6d4e3b87eded11eb10d7042a877958c6f104929809b2ab0bafa17652b076cdf84324aa75b30b722204f2
  languageName: node
  linkType: hard

"object-assign@npm:^4.1.1":
  version: 4.1.1
  resolution: "object-assign@npm:4.1.1"
  checksum: fcc6e4ea8c7fe48abfbb552578b1c53e0d194086e2e6bbbf59e0a536381a292f39943c6e9628af05b5528aa5e3318bb30d6b2e53cadaf5b8fe9e12c4b69af23f
  languageName: node
  linkType: hard

"parse-srcset@npm:^1.0.2":
  version: 1.0.2
  resolution: "parse-srcset@npm:1.0.2"
  checksum: 3a0380380c6082021fcce982f0b89fb8a493ce9dfd7d308e5e6d855201e80db8b90438649b31fdd82a3d6089a8ca17dccddaa2b730a718389af4c037b8539ebf
  languageName: node
  linkType: hard

"path-browserify@npm:^1.0.0":
  version: 1.0.1
  resolution: "path-browserify@npm:1.0.1"
  checksum: c6d7fa376423fe35b95b2d67990060c3ee304fc815ff0a2dc1c6c3cfaff2bd0d572ee67e18f19d0ea3bbe32e8add2a05021132ac40509416459fffee35200699
  languageName: node
  linkType: hard

"picocolors@npm:^1.0.0":
  version: 1.0.0
  resolution: "picocolors@npm:1.0.0"
  checksum: a2e8092dd86c8396bdba9f2b5481032848525b3dc295ce9b57896f931e63fc16f79805144321f72976383fc249584672a75cc18d6777c6b757603f372f745981
  languageName: node
  linkType: hard

"postcss@npm:^8.3.11":
  version: 8.4.33
  resolution: "postcss@npm:8.4.33"
  dependencies:
    nanoid: ^3.3.7
    picocolors: ^1.0.0
    source-map-js: ^1.0.2
  checksum: 6f98b2af4b76632a3de20c4f47bf0e984a1ce1a531cf11adcb0b1d63a6cbda0aae4165e578b66c32ca4879038e3eaad386a6be725a8fb4429c78e3c1ab858fe9
  languageName: node
  linkType: hard

"prop-types@npm:^15.8.1":
  version: 15.8.1
  resolution: "prop-types@npm:15.8.1"
  dependencies:
    loose-envify: ^1.4.0
    object-assign: ^4.1.1
    react-is: ^16.13.1
  checksum: c056d3f1c057cb7ff8344c645450e14f088a915d078dcda795041765047fa080d38e5d626560ccaac94a4e16e3aa15f3557c1a9a8d1174530955e992c675e459
  languageName: node
  linkType: hard

"punycode@npm:^2.1.0":
  version: 2.3.1
  resolution: "punycode@npm:2.3.1"
  checksum: bb0a0ceedca4c3c57a9b981b90601579058903c62be23c5e8e843d2c2d4148a3ecf029d5133486fb0e1822b098ba8bba09e89d6b21742d02fa26bda6441a6fb2
  languageName: node
  linkType: hard

"querystringify@npm:^2.1.1":
  version: 2.2.0
  resolution: "querystringify@npm:2.2.0"
  checksum: 5641ea231bad7ef6d64d9998faca95611ed4b11c2591a8cae741e178a974f6a8e0ebde008475259abe1621cb15e692404e6b6626e927f7b849d5c09392604b15
  languageName: node
  linkType: hard

"react-dom@npm:^18.2.0":
  version: 18.2.0
  resolution: "react-dom@npm:18.2.0"
  dependencies:
    loose-envify: ^1.1.0
    scheduler: ^0.23.0
  peerDependencies:
    react: ^18.2.0
  checksum: 7d323310bea3a91be2965f9468d552f201b1c27891e45ddc2d6b8f717680c95a75ae0bc1e3f5cf41472446a2589a75aed4483aee8169287909fcd59ad149e8cc
  languageName: node
  linkType: hard

"react-is@npm:^16.13.1":
  version: 16.13.1
  resolution: "react-is@npm:16.13.1"
  checksum: f7a19ac3496de32ca9ae12aa030f00f14a3d45374f1ceca0af707c831b2a6098ef0d6bdae51bd437b0a306d7f01d4677fcc8de7c0d331eb47ad0f46130e53c5f
  languageName: node
  linkType: hard

"react-is@npm:^18.2.0":
  version: 18.2.0
  resolution: "react-is@npm:18.2.0"
  checksum: e72d0ba81b5922759e4aff17e0252bd29988f9642ed817f56b25a3e217e13eea8a7f2322af99a06edb779da12d5d636e9fda473d620df9a3da0df2a74141d53e
  languageName: node
  linkType: hard

"react@npm:^18.2.0":
  version: 18.2.0
  resolution: "react@npm:18.2.0"
  dependencies:
    loose-envify: ^1.1.0
  checksum: 88e38092da8839b830cda6feef2e8505dec8ace60579e46aa5490fc3dc9bba0bd50336507dc166f43e3afc1c42939c09fe33b25fae889d6f402721dcd78fca1b
  languageName: node
  linkType: hard

"require-from-string@npm:^2.0.2":
  version: 2.0.2
  resolution: "require-from-string@npm:2.0.2"
  checksum: a03ef6895445f33a4015300c426699bc66b2b044ba7b670aa238610381b56d3f07c686251740d575e22f4c87531ba662d06937508f0f3c0f1ddc04db3130560b
  languageName: node
  linkType: hard

"requires-port@npm:^1.0.0":
  version: 1.0.0
  resolution: "requires-port@npm:1.0.0"
  checksum: eee0e303adffb69be55d1a214e415cf42b7441ae858c76dfc5353148644f6fd6e698926fc4643f510d5c126d12a705e7c8ed7e38061113bdf37547ab356797ff
  languageName: node
  linkType: hard

"root-workspace-0b6124@workspace:.":
  version: 0.0.0-use.local
  resolution: "root-workspace-0b6124@workspace:."
  dependencies:
    "@jupyterlab/application": ^4.0.11
    jupyterlab-iframe-bridge-example: "https://github.com/Exabyte-io/jupyter-lite-extensions"
  languageName: unknown
  linkType: soft

"sanitize-html@npm:~2.7.3":
  version: 2.7.3
  resolution: "sanitize-html@npm:2.7.3"
  dependencies:
    deepmerge: ^4.2.2
    escape-string-regexp: ^4.0.0
    htmlparser2: ^6.0.0
    is-plain-object: ^5.0.0
    parse-srcset: ^1.0.2
    postcss: ^8.3.11
  checksum: 2399d1fdbbc3a263fb413c1fe1971b3dc2b51abc6cc5cb49490624539d1c57a8fe31e2b21408c118e2a957f4e673e3169b1f9a5807654408f17b130a9d78aed7
  languageName: node
  linkType: hard

"scheduler@npm:^0.23.0":
  version: 0.23.0
  resolution: "scheduler@npm:0.23.0"
  dependencies:
    loose-envify: ^1.1.0
  checksum: d79192eeaa12abef860c195ea45d37cbf2bbf5f66e3c4dcd16f54a7da53b17788a70d109ee3d3dde1a0fd50e6a8fc171f4300356c5aee4fc0171de526bf35f8a
  languageName: node
  linkType: hard

"source-map-js@npm:^1.0.2":
  version: 1.0.2
  resolution: "source-map-js@npm:1.0.2"
  checksum: c049a7fc4deb9a7e9b481ae3d424cc793cb4845daa690bc5a05d428bf41bf231ced49b4cf0c9e77f9d42fdb3d20d6187619fc586605f5eabe995a316da8d377c
  languageName: node
  linkType: hard

"typestyle@npm:^2.0.4":
  version: 2.4.0
  resolution: "typestyle@npm:2.4.0"
  dependencies:
    csstype: 3.0.10
    free-style: 3.1.0
  checksum: 8b4f02c24f67b594f98507b15a753dabd4db5eb0af007e1d310527c64030e11e9464b25b5a6bc65fb5eec9a4459a8336050121ecc29063ac87b8b47a6d698893
  languageName: node
  linkType: hard

"uri-js@npm:^4.2.2":
  version: 4.4.1
  resolution: "uri-js@npm:4.4.1"
  dependencies:
    punycode: ^2.1.0
  checksum: 7167432de6817fe8e9e0c9684f1d2de2bb688c94388f7569f7dbdb1587c9f4ca2a77962f134ec90be0cc4d004c939ff0d05acc9f34a0db39a3c797dada262633
  languageName: node
  linkType: hard

"url-parse@npm:~1.5.4":
  version: 1.5.10
  resolution: "url-parse@npm:1.5.10"
  dependencies:
    querystringify: ^2.1.1
    requires-port: ^1.0.0
  checksum: fbdba6b1d83336aca2216bbdc38ba658d9cfb8fc7f665eb8b17852de638ff7d1a162c198a8e4ed66001ddbf6c9888d41e4798912c62b4fd777a31657989f7bdf
  languageName: node
  linkType: hard

"validate.io-array@npm:^1.0.3":
  version: 1.0.6
  resolution: "validate.io-array@npm:1.0.6"
  checksum: 54eca83ebc702e3e46499f9d9e77287a95ae25c4e727cd2fafee29c7333b3a36cca0c5d8f090b9406262786de80750fba85e7e7ef41e20bf8cc67d5570de449b
  languageName: node
  linkType: hard

"validate.io-function@npm:^1.0.2":
  version: 1.0.2
  resolution: "validate.io-function@npm:1.0.2"
  checksum: e4cce2479a20cb7c42e8630c777fb107059c27bc32925f769e3a73ca5fd62b4892d897b3c80227e14d5fcd1c5b7d05544e0579d63e59f14034c0052cda7f7c44
  languageName: node
  linkType: hard

"validate.io-integer-array@npm:^1.0.0":
  version: 1.0.0
  resolution: "validate.io-integer-array@npm:1.0.0"
  dependencies:
    validate.io-array: ^1.0.3
    validate.io-integer: ^1.0.4
  checksum: 5f6d7fab8df7d2bf546a05e830201768464605539c75a2c2417b632b4411a00df84b462f81eac75e1be95303e7e0ac92f244c137424739f4e15cd21c2eb52c7f
  languageName: node
  linkType: hard

"validate.io-integer@npm:^1.0.4":
  version: 1.0.5
  resolution: "validate.io-integer@npm:1.0.5"
  dependencies:
    validate.io-number: ^1.0.3
  checksum: 88b3f8bb5a5277a95305d64abbfc437079220ce4f57a148cc6113e7ccec03dd86b10a69d413982602aa90a62b8d516148a78716f550dcd3aff863ac1c2a7a5e6
  languageName: node
  linkType: hard

"validate.io-number@npm:^1.0.3":
  version: 1.0.3
  resolution: "validate.io-number@npm:1.0.3"
  checksum: 42418aeb6c969efa745475154fe576809b02eccd0961aad0421b090d6e7a12d23a3e28b0d5dddd2c6347c1a6bdccb82bba5048c716131cd20207244d50e07282
  languageName: node
  linkType: hard

"ws@npm:^8.11.0":
  version: 8.16.0
  resolution: "ws@npm:8.16.0"
  peerDependencies:
    bufferutil: ^4.0.1
    utf-8-validate: ">=5.0.2"
  peerDependenciesMeta:
    bufferutil:
      optional: true
    utf-8-validate:
      optional: true
  checksum: feb3eecd2bae82fa8a8beef800290ce437d8b8063bdc69712725f21aef77c49cb2ff45c6e5e7fce622248f9c7abaee506bae0a9064067ffd6935460c7357321b
  languageName: node
  linkType: hard

"y-protocols@npm:^1.0.5":
  version: 1.0.6
  resolution: "y-protocols@npm:1.0.6"
  dependencies:
    lib0: ^0.2.85
  peerDependencies:
    yjs: ^13.0.0
  checksum: 4b57c8811befcf2e45c3d47830005f8a33e626c734f78a42fe8a4fa3caad2233ba85a7c8bceefbd52ffc40130d3f3faee664fd0d1c324ff1fa8817a056ccdc1c
  languageName: node
  linkType: hard

"yjs@npm:^13.5.40":
  version: 13.6.10
  resolution: "yjs@npm:13.6.10"
  dependencies:
    lib0: ^0.2.86
  checksum: 027adf7fb6739debc44fa1a74f5e87248e026c582b65872c0a1b26aca0110f7a04605f77a38643ea562b9165d6c84e7a9311407e01a07870ebdafce008fc7ba4
  languageName: node
  linkType: hard
